github.com/IceCodeNew/wowchemy-hugo-themes/wowchemy/v5 v5.0.0-20220111043705-2ba04c763dbf h1:PExBd3jNs2YYUg9QBvzpyIo5P9zD38KyMZJ+WskhU+o=
github.com/IceCodeNew/wowchemy-hugo-themes/wowchemy/v5 v5.0.0-20220111043705-2ba04c763dbf/go.mod h1:2iL9rdrUYyJXX2BeHKfK+QbqZlubCsaR60nQ87NRQTY=
github.com/wowchemy/wowchemy-hugo-modules/wowchemy-cms/v5 v5.0.0-20220104192232-98f15e88e2ab h1:6YHwEDvYMyIHCB4wTGBSL3TqaQOw37Mxazzj/3InfwA=
github.com/wowchemy/wowchemy-hugo-modules/wowchemy-cms/v5 v5.0.0-20220104192232-98f15e88e2ab/go.mod h1:Sp/AKo+2HAPi/IPHp1MEdKPmee+mzO5+efUBUPLPqPE=
github.com/wowchemy/wowchemy-hugo-modules/wowchemy-cms/v5 v5.0.0-20220110204553-d134dc7f12cf h1:qeJvLwrIUpGzYRCx3e+/PO3aPwMFlgV0Jy7/G4p/524=
github.com/wowchemy/wowchemy-hugo-modules/wowchemy-cms/v5 v5.0.0-20220110204553-d134dc7f12cf/go.mod h1:Sp/AKo+2HAPi/IPHp1MEdKPmee+mzO5+efUBUPLPqPE=
